
Microsoft Visual Studio Solution File, Format Version 9.00
# Visual Studio 2005
Project("{8BC9CEB8-8B4A-11D0-8D11-00A0C91BC942}") = "format", "C04\format\format.vcproj", "{5E8D22C7-1038-4D86-B47B-9A46068713FC}"
EndProject
Project("{8BC9CEB8-8B4A-11D0-8D11-00A0C91BC942}") = "cppcheck", "C04\cppcheck\cppcheck.vcproj", "{BC603A18-E799-4F61-9752-21F2436871A2}"
EndProject
Global
	GlobalSection(SolutionConfigurationPlatforms) = preSolution
		Debug|Win32 = Debug|Win32
		Release|Win32 = Release|Win32
	EndGlobalSection
	GlobalSection(ProjectConfigurationPlatforms) = postSolution
		{5E8D22C7-1038-4D86-B47B-9A46068713FC}.Debug|Win32.ActiveCfg = Debug|Win32
		{5E8D22C7-1038-4D86-B47B-9A46068713FC}.Debug|Win32.Build.0 = Debug|Win32
		{5E8D22C7-1038-4D86-B47B-9A46068713FC}.Release|Win32.ActiveCfg = Release|Win32
		{5E8D22C7-1038-4D86-B47B-9A46068713FC}.Release|Win32.Build.0 = Release|Win32
		{BC603A18-E799-4F61-9752-21F2436871A2}.Debug|Win32.ActiveCfg = Debug|Win32
		{BC603A18-E799-4F61-9752-21F2436871A2}.Debug|Win32.Build.0 = Debug|Win32
		{BC603A18-E799-4F61-9752-21F2436871A2}.Release|Win32.ActiveCfg = Release|Win32
		{BC603A18-E799-4F61-9752-21F2436871A2}.Release|Win32.Build.0 = Release|Win32
	EndGlobalSection
	GlobalSection(SolutionProperties) = preSolution
		HideSolutionNode = FALSE
	EndGlobalSection
EndGlobal
