
Microsoft Visual Studio Solution File, Format Version 9.00
# Visual Studio 2005
Project("{8BC9CEB8-8B4A-11D0-8D11-00A0C91BC942}") = "format", "C04\format\format.vcproj", "{5E8D22C7-1038-4D86-B47B-9A46068713FC}"
EndProject
Project("{8BC9CEB8-8B4A-11D0-8D11-00A0C91BC942}") = "cppcheck", "C04\cppcheck\cppcheck.vcproj", "{BC603A18-E799-4F61-9752-21F2436871A2}"
EndProject
Project("{2150E333-8FDC-42A3-9474-1A3956D46DE8}") = "C06", "C06", "{11BD3458-7D3B-4EEE-85CC-A02188425BEA}"
EndProject
Project("{8BC9CEB8-8B4A-11D0-8D11-00A0C91BC942}") = "copyints4", "C06\copyins4\copyins4.vcproj", "{281BB1DD-44CC-446A-A7F4-1A0D95C8D73A}"
EndProject
Project("{2150E333-8FDC-42A3-9474-1A3956D46DE8}") = "C04", "C04", "{72979190-2BCC-458B-AF70-0C43EAD44B7A}"
EndProject
Project("{8BC9CEB8-8B4A-11D0-8D11-00A0C91BC942}") = "countnotequal", "C06\countnotequal\countnotequal.vcproj", "{8B268465-2F6D-4D97-A76C-217663B8C674}"
EndProject
Global
	GlobalSection(SolutionConfigurationPlatforms) = preSolution
		Debug|Win32 = Debug|Win32
		Release|Win32 = Release|Win32
	EndGlobalSection
	GlobalSection(ProjectConfigurationPlatforms) = postSolution
		{5E8D22C7-1038-4D86-B47B-9A46068713FC}.Debug|Win32.ActiveCfg = Debug|Win32
		{5E8D22C7-1038-4D86-B47B-9A46068713FC}.Debug|Win32.Build.0 = Debug|Win32
		{5E8D22C7-1038-4D86-B47B-9A46068713FC}.Release|Win32.ActiveCfg = Release|Win32
		{5E8D22C7-1038-4D86-B47B-9A46068713FC}.Release|Win32.Build.0 = Release|Win32
		{BC603A18-E799-4F61-9752-21F2436871A2}.Debug|Win32.ActiveCfg = Debug|Win32
		{BC603A18-E799-4F61-9752-21F2436871A2}.Debug|Win32.Build.0 = Debug|Win32
		{BC603A18-E799-4F61-9752-21F2436871A2}.Release|Win32.ActiveCfg = Release|Win32
		{BC603A18-E799-4F61-9752-21F2436871A2}.Release|Win32.Build.0 = Release|Win32
		{281BB1DD-44CC-446A-A7F4-1A0D95C8D73A}.Debug|Win32.ActiveCfg = Debug|Win32
		{281BB1DD-44CC-446A-A7F4-1A0D95C8D73A}.Debug|Win32.Build.0 = Debug|Win32
		{281BB1DD-44CC-446A-A7F4-1A0D95C8D73A}.Release|Win32.ActiveCfg = Release|Win32
		{281BB1DD-44CC-446A-A7F4-1A0D95C8D73A}.Release|Win32.Build.0 = Release|Win32
		{8B268465-2F6D-4D97-A76C-217663B8C674}.Debug|Win32.ActiveCfg = Debug|Win32
		{8B268465-2F6D-4D97-A76C-217663B8C674}.Debug|Win32.Build.0 = Debug|Win32
		{8B268465-2F6D-4D97-A76C-217663B8C674}.Release|Win32.ActiveCfg = Release|Win32
		{8B268465-2F6D-4D97-A76C-217663B8C674}.Release|Win32.Build.0 = Release|Win32
	EndGlobalSection
	GlobalSection(SolutionProperties) = preSolution
		HideSolutionNode = FALSE
	EndGlobalSection
	GlobalSection(NestedProjects) = preSolution
		{281BB1DD-44CC-446A-A7F4-1A0D95C8D73A} = {11BD3458-7D3B-4EEE-85CC-A02188425BEA}
		{8B268465-2F6D-4D97-A76C-217663B8C674} = {11BD3458-7D3B-4EEE-85CC-A02188425BEA}
		{BC603A18-E799-4F61-9752-21F2436871A2} = {72979190-2BCC-458B-AF70-0C43EAD44B7A}
		{5E8D22C7-1038-4D86-B47B-9A46068713FC} = {72979190-2BCC-458B-AF70-0C43EAD44B7A}
	EndGlobalSection
EndGlobal
